
Microsoft Visual Studio Solution File, Format Version 12.00
# Visual Studio Version 16
VisualStudioVersion = 16.0.29519.181
MinimumVisualStudioVersion = 10.0.40219.1
Project("{FAE04EC0-301F-11D3-BF4B-00C04F79EFBC}") = "YR1", "YR1.csproj", "{F674FCF4-ABA7-435B-BF9D-AEA7AF756DD6}"
EndProject
Global
	GlobalSection(SolutionConfigurationPlatforms) = preSolution
		Debug|Any CPU = Debug|Any CPU
		Release|Any CPU = Release|Any CPU
	EndGlobalSection
	GlobalSection(ProjectConfigurationPlatforms) = postSolution
		{F674FCF4-ABA7-435B-BF9D-AEA7AF756DD6}.Debug|Any CPU.ActiveCfg = Debug|Any CPU
		{F674FCF4-ABA7-435B-BF9D-AEA7AF756DD6}.Debug|Any CPU.Build.0 = Debug|Any CPU
		{F674FCF4-ABA7-435B-BF9D-AEA7AF756DD6}.Release|Any CPU.ActiveCfg = Release|Any CPU
		{F674FCF4-ABA7-435B-BF9D-AEA7AF756DD6}.Release|Any CPU.Build.0 = Release|Any CPU
	EndGlobalSection
	GlobalSection(SolutionProperties) = preSolution
		HideSolutionNode = FALSE
	EndGlobalSection
	GlobalSection(ExtensibilityGlobals) = postSolution
		SolutionGuid = {0F4400DD-3D44-4889-AD7A-8AC2FB0AE9AB}
	EndGlobalSection
EndGlobal
